# THIS IS AN AUTOGENERATED FILE. DO NOT EDIT THIS FILE DIRECTLY.
# yarn lockfile v1


"@discordjs/builders@^1.7.0":
  version "1.7.0"
  resolved "https://registry.yarnpkg.com/@discordjs/builders/-/builders-1.7.0.tgz#e2478c7e55b0f4c40837edb8f102bce977323a37"
  integrity sha512-GDtbKMkg433cOZur8Dv6c25EHxduNIBsxeHrsRoIM8+AwmEZ8r0tEpckx/sHwTLwQPOF3e2JWloZh9ofCaMfAw==
  dependencies:
    "@discordjs/formatters" "^0.3.3"
    "@discordjs/util" "^1.0.2"
    "@sapphire/shapeshift" "^3.9.3"
    discord-api-types "0.37.61"
    fast-deep-equal "^3.1.3"
    ts-mixer "^6.0.3"
    tslib "^2.6.2"

"@discordjs/collection@1.5.3":
  version "1.5.3"
  resolved "https://registry.yarnpkg.com/@discordjs/collection/-/collection-1.5.3.tgz#5a1250159ebfff9efa4f963cfa7e97f1b291be18"
  integrity sha512-SVb428OMd3WO1paV3rm6tSjM4wC+Kecaa1EUGX7vc6/fddvw/6lg90z4QtCqm21zvVe92vMMDt9+DkIvjXImQQ==

"@discordjs/collection@^2.0.0":
  version "2.0.0"
  resolved "https://registry.yarnpkg.com/@discordjs/collection/-/collection-2.0.0.tgz#409b80c74eb8486cc4ee6a9b83426aaff1380f8c"
  integrity sha512-YTWIXLrf5FsrLMycpMM9Q6vnZoR/lN2AWX23/Cuo8uOOtS8eHB2dyQaaGnaF8aZPYnttf2bkLMcXn/j6JUOi3w==

"@discordjs/formatters@^0.3.3":
  version "0.3.3"
  resolved "https://registry.yarnpkg.com/@discordjs/formatters/-/formatters-0.3.3.tgz#b16fdd79bb819680ab7e519193004e9dc124a749"
  integrity sha512-wTcI1Q5cps1eSGhl6+6AzzZkBBlVrBdc9IUhJbijRgVjCNIIIZPgqnUj3ntFODsHrdbGU8BEG9XmDQmgEEYn3w==
  dependencies:
    discord-api-types "0.37.61"

"@discordjs/rest@^2.1.0":
  version "2.2.0"
  resolved "https://registry.yarnpkg.com/@discordjs/rest/-/rest-2.2.0.tgz#f4ec00d3faff965c00a879b7e87bb4b6f4446966"
  integrity sha512-nXm9wT8oqrYFRMEqTXQx9DUTeEtXUDMmnUKIhZn6O2EeDY9VCdwj23XCPq7fkqMPKdF7ldAfeVKyxxFdbZl59A==
  dependencies:
    "@discordjs/collection" "^2.0.0"
    "@discordjs/util" "^1.0.2"
    "@sapphire/async-queue" "^1.5.0"
    "@sapphire/snowflake" "^3.5.1"
    "@vladfrangu/async_event_emitter" "^2.2.2"
    discord-api-types "0.37.61"
    magic-bytes.js "^1.5.0"
    tslib "^2.6.2"
    undici "5.27.2"

"@discordjs/util@^1.0.2":
  version "1.0.2"
  resolved "https://registry.yarnpkg.com/@discordjs/util/-/util-1.0.2.tgz#dc1896d764452b1bd9707eb9aa99ccfbb30bd1c0"
  integrity sha512-IRNbimrmfb75GMNEjyznqM1tkI7HrZOf14njX7tCAAUetyZM1Pr8hX/EK2lxBCOgWDRmigbp24fD1hdMfQK5lw==

"@discordjs/ws@^1.0.2":
  version "1.0.2"
  resolved "https://registry.yarnpkg.com/@discordjs/ws/-/ws-1.0.2.tgz#3933b12d4686aabf6a95dfe5fb6e744342a661d1"
  integrity sha512-+XI82Rm2hKnFwAySXEep4A7Kfoowt6weO6381jgW+wVdTpMS/56qCvoXyFRY0slcv7c/U8My2PwIB2/wEaAh7Q==
  dependencies:
    "@discordjs/collection" "^2.0.0"
    "@discordjs/rest" "^2.1.0"
    "@discordjs/util" "^1.0.2"
    "@sapphire/async-queue" "^1.5.0"
    "@types/ws" "^8.5.9"
    "@vladfrangu/async_event_emitter" "^2.2.2"
    discord-api-types "0.37.61"
    tslib "^2.6.2"
    ws "^8.14.2"

"@esbuild/aix-ppc64@0.19.11":
  version "0.19.11"
  resolved "https://registry.yarnpkg.com/@esbuild/aix-ppc64/-/aix-ppc64-0.19.11.tgz#2acd20be6d4f0458bc8c784103495ff24f13b1d3"
  integrity sha512-FnzU0LyE3ySQk7UntJO4+qIiQgI7KoODnZg5xzXIrFJlKd2P2gwHsHY4927xj9y5PJmJSzULiUCWmv7iWnNa7g==

"@esbuild/android-arm64@0.19.11":
  version "0.19.11"
  resolved "https://registry.yarnpkg.com/@esbuild/android-arm64/-/android-arm64-0.19.11.tgz#b45d000017385c9051a4f03e17078abb935be220"
  integrity sha512-aiu7K/5JnLj//KOnOfEZ0D90obUkRzDMyqd/wNAUQ34m4YUPVhRZpnqKV9uqDGxT7cToSDnIHsGooyIczu9T+Q==

"@esbuild/android-arm@0.19.11":
  version "0.19.11"
  resolved "https://registry.yarnpkg.com/@esbuild/android-arm/-/android-arm-0.19.11.tgz#f46f55414e1c3614ac682b29977792131238164c"
  integrity sha512-5OVapq0ClabvKvQ58Bws8+wkLCV+Rxg7tUVbo9xu034Nm536QTII4YzhaFriQ7rMrorfnFKUsArD2lqKbFY4vw==

"@esbuild/android-x64@0.19.11":
  version "0.19.11"
  resolved "https://registry.yarnpkg.com/@esbuild/android-x64/-/android-x64-0.19.11.tgz#bfc01e91740b82011ef503c48f548950824922b2"
  integrity sha512-eccxjlfGw43WYoY9QgB82SgGgDbibcqyDTlk3l3C0jOVHKxrjdc9CTwDUQd0vkvYg5um0OH+GpxYvp39r+IPOg==

"@esbuild/darwin-arm64@0.19.11":
  version "0.19.11"
  resolved "https://registry.yarnpkg.com/@esbuild/darwin-arm64/-/darwin-arm64-0.19.11.tgz#533fb7f5a08c37121d82c66198263dcc1bed29bf"
  integrity sha512-ETp87DRWuSt9KdDVkqSoKoLFHYTrkyz2+65fj9nfXsaV3bMhTCjtQfw3y+um88vGRKRiF7erPrh/ZuIdLUIVxQ==

"@esbuild/darwin-x64@0.19.11":
  version "0.19.11"
  resolved "https://registry.yarnpkg.com/@esbuild/darwin-x64/-/darwin-x64-0.19.11.tgz#62f3819eff7e4ddc656b7c6815a31cf9a1e7d98e"
  integrity sha512-fkFUiS6IUK9WYUO/+22omwetaSNl5/A8giXvQlcinLIjVkxwTLSktbF5f/kJMftM2MJp9+fXqZ5ezS7+SALp4g==

"@esbuild/freebsd-arm64@0.19.11":
  version "0.19.11"
  resolved "https://registry.yarnpkg.com/@esbuild/freebsd-arm64/-/freebsd-arm64-0.19.11.tgz#d478b4195aa3ca44160272dab85ef8baf4175b4a"
  integrity sha512-lhoSp5K6bxKRNdXUtHoNc5HhbXVCS8V0iZmDvyWvYq9S5WSfTIHU2UGjcGt7UeS6iEYp9eeymIl5mJBn0yiuxA==

"@esbuild/freebsd-x64@0.19.11":
  version "0.19.11"
  resolved "https://registry.yarnpkg.com/@esbuild/freebsd-x64/-/freebsd-x64-0.19.11.tgz#7bdcc1917409178257ca6a1a27fe06e797ec18a2"
  integrity sha512-JkUqn44AffGXitVI6/AbQdoYAq0TEullFdqcMY/PCUZ36xJ9ZJRtQabzMA+Vi7r78+25ZIBosLTOKnUXBSi1Kw==

"@esbuild/linux-arm64@0.19.11":
  version "0.19.11"
  resolved "https://registry.yarnpkg.com/@esbuild/linux-arm64/-/linux-arm64-0.19.11.tgz#58ad4ff11685fcc735d7ff4ca759ab18fcfe4545"
  integrity sha512-LneLg3ypEeveBSMuoa0kwMpCGmpu8XQUh+mL8XXwoYZ6Be2qBnVtcDI5azSvh7vioMDhoJFZzp9GWp9IWpYoUg==

"@esbuild/linux-arm@0.19.11":
  version "0.19.11"
  resolved "https://registry.yarnpkg.com/@esbuild/linux-arm/-/linux-arm-0.19.11.tgz#ce82246d873b5534d34de1e5c1b33026f35e60e3"
  integrity sha512-3CRkr9+vCV2XJbjwgzjPtO8T0SZUmRZla+UL1jw+XqHZPkPgZiyWvbDvl9rqAN8Zl7qJF0O/9ycMtjU67HN9/Q==

"@esbuild/linux-ia32@0.19.11":
  version "0.19.11"
  resolved "https://registry.yarnpkg.com/@esbuild/linux-ia32/-/linux-ia32-0.19.11.tgz#cbae1f313209affc74b80f4390c4c35c6ab83fa4"
  integrity sha512-caHy++CsD8Bgq2V5CodbJjFPEiDPq8JJmBdeyZ8GWVQMjRD0sU548nNdwPNvKjVpamYYVL40AORekgfIubwHoA==

"@esbuild/linux-loong64@0.19.11":
  version "0.19.11"
  resolved "https://registry.yarnpkg.com/@esbuild/linux-loong64/-/linux-loong64-0.19.11.tgz#5f32aead1c3ec8f4cccdb7ed08b166224d4e9121"
  integrity sha512-ppZSSLVpPrwHccvC6nQVZaSHlFsvCQyjnvirnVjbKSHuE5N24Yl8F3UwYUUR1UEPaFObGD2tSvVKbvR+uT1Nrg==

"@esbuild/linux-mips64el@0.19.11":
  version "0.19.11"
  resolved "https://registry.yarnpkg.com/@esbuild/linux-mips64el/-/linux-mips64el-0.19.11.tgz#38eecf1cbb8c36a616261de858b3c10d03419af9"
  integrity sha512-B5x9j0OgjG+v1dF2DkH34lr+7Gmv0kzX6/V0afF41FkPMMqaQ77pH7CrhWeR22aEeHKaeZVtZ6yFwlxOKPVFyg==

"@esbuild/linux-ppc64@0.19.11":
  version "0.19.11"
  resolved "https://registry.yarnpkg.com/@esbuild/linux-ppc64/-/linux-ppc64-0.19.11.tgz#9c5725a94e6ec15b93195e5a6afb821628afd912"
  integrity sha512-MHrZYLeCG8vXblMetWyttkdVRjQlQUb/oMgBNurVEnhj4YWOr4G5lmBfZjHYQHHN0g6yDmCAQRR8MUHldvvRDA==

"@esbuild/linux-riscv64@0.19.11":
  version "0.19.11"
  resolved "https://registry.yarnpkg.com/@esbuild/linux-riscv64/-/linux-riscv64-0.19.11.tgz#2dc4486d474a2a62bbe5870522a9a600e2acb916"
  integrity sha512-f3DY++t94uVg141dozDu4CCUkYW+09rWtaWfnb3bqe4w5NqmZd6nPVBm+qbz7WaHZCoqXqHz5p6CM6qv3qnSSQ==

"@esbuild/linux-s390x@0.19.11":
  version "0.19.11"
  resolved "https://registry.yarnpkg.com/@esbuild/linux-s390x/-/linux-s390x-0.19.11.tgz#4ad8567df48f7dd4c71ec5b1753b6f37561a65a8"
  integrity sha512-A5xdUoyWJHMMlcSMcPGVLzYzpcY8QP1RtYzX5/bS4dvjBGVxdhuiYyFwp7z74ocV7WDc0n1harxmpq2ePOjI0Q==

"@esbuild/linux-x64@0.19.11":
  version "0.19.11"
  resolved "https://registry.yarnpkg.com/@esbuild/linux-x64/-/linux-x64-0.19.11.tgz#b7390c4d5184f203ebe7ddaedf073df82a658766"
  integrity sha512-grbyMlVCvJSfxFQUndw5mCtWs5LO1gUlwP4CDi4iJBbVpZcqLVT29FxgGuBJGSzyOxotFG4LoO5X+M1350zmPA==

"@esbuild/netbsd-x64@0.19.11":
  version "0.19.11"
  resolved "https://registry.yarnpkg.com/@esbuild/netbsd-x64/-/netbsd-x64-0.19.11.tgz#d633c09492a1721377f3bccedb2d821b911e813d"
  integrity sha512-13jvrQZJc3P230OhU8xgwUnDeuC/9egsjTkXN49b3GcS5BKvJqZn86aGM8W9pd14Kd+u7HuFBMVtrNGhh6fHEQ==

"@esbuild/openbsd-x64@0.19.11":
  version "0.19.11"
  resolved "https://registry.yarnpkg.com/@esbuild/openbsd-x64/-/openbsd-x64-0.19.11.tgz#17388c76e2f01125bf831a68c03a7ffccb65d1a2"
  integrity sha512-ysyOGZuTp6SNKPE11INDUeFVVQFrhcNDVUgSQVDzqsqX38DjhPEPATpid04LCoUr2WXhQTEZ8ct/EgJCUDpyNw==

"@esbuild/sunos-x64@0.19.11":
  version "0.19.11"
  resolved "https://registry.yarnpkg.com/@esbuild/sunos-x64/-/sunos-x64-0.19.11.tgz#e320636f00bb9f4fdf3a80e548cb743370d41767"
  integrity sha512-Hf+Sad9nVwvtxy4DXCZQqLpgmRTQqyFyhT3bZ4F2XlJCjxGmRFF0Shwn9rzhOYRB61w9VMXUkxlBy56dk9JJiQ==

"@esbuild/win32-arm64@0.19.11":
  version "0.19.11"
  resolved "https://registry.yarnpkg.com/@esbuild/win32-arm64/-/win32-arm64-0.19.11.tgz#c778b45a496e90b6fc373e2a2bb072f1441fe0ee"
  integrity sha512-0P58Sbi0LctOMOQbpEOvOL44Ne0sqbS0XWHMvvrg6NE5jQ1xguCSSw9jQeUk2lfrXYsKDdOe6K+oZiwKPilYPQ==

"@esbuild/win32-ia32@0.19.11":
  version "0.19.11"
  resolved "https://registry.yarnpkg.com/@esbuild/win32-ia32/-/win32-ia32-0.19.11.tgz#481a65fee2e5cce74ec44823e6b09ecedcc5194c"
  integrity sha512-6YOrWS+sDJDmshdBIQU+Uoyh7pQKrdykdefC1avn76ss5c+RN6gut3LZA4E2cH5xUEp5/cA0+YxRaVtRAb0xBg==

"@esbuild/win32-x64@0.19.11":
  version "0.19.11"
  resolved "https://registry.yarnpkg.com/@esbuild/win32-x64/-/win32-x64-0.19.11.tgz#a5d300008960bb39677c46bf16f53ec70d8dee04"
  integrity sha512-vfkhltrjCAb603XaFhqhAF4LGDi2M4OrCRrFusyQ+iTLQ/o60QQXxc9cZC/FFpihBI9N1Grn6SMKVJ4KP7Fuiw==

"@fastify/busboy@^2.0.0":
  version "2.1.0"
  resolved "https://registry.yarnpkg.com/@fastify/busboy/-/busboy-2.1.0.tgz#0709e9f4cb252351c609c6e6d8d6779a8d25edff"
  integrity sha512-+KpH+QxZU7O4675t3mnkQKcZZg56u+K/Ct2K+N2AZYNVK8kyeo/bI18tI8aPm3tvNNRyTWfj6s5tnGNlcbQRsA==

"@prisma/client@^5.7.1":
  version "5.7.1"
  resolved "https://registry.yarnpkg.com/@prisma/client/-/client-5.7.1.tgz#a124afd05663267f7255a639a81d28303684a063"
  integrity sha512-TUSa4nUcC4nf/e7X3jyO1pEd6XcI/TLRCA0KjkA46RDIpxUaRsBYEOqITwXRW2c0bMFyKcCRXrH4f7h4q9oOlg==

"@prisma/debug@5.7.1":
  version "5.7.1"
  resolved "https://registry.yarnpkg.com/@prisma/debug/-/debug-5.7.1.tgz#064177066e630beb43492ffa608acc21a118e2ce"
  integrity sha512-yrVSO/YZOxdeIxcBtZ5BaNqUfPrZkNsAKQIQg36cJKMxj/VYK3Vk5jMKkI+gQLl0KReo1YvX8GWKfV788SELjw==

"@prisma/engines-version@5.7.1-1.0ca5ccbcfa6bdc81c003cf549abe4269f59c41e5":
  version "5.7.1-1.0ca5ccbcfa6bdc81c003cf549abe4269f59c41e5"
  resolved "https://registry.yarnpkg.com/@prisma/engines-version/-/engines-version-5.7.1-1.0ca5ccbcfa6bdc81c003cf549abe4269f59c41e5.tgz#b7845425313e5395a3a3e64f3e0d04c1f320fa92"
  integrity sha512-dIR5IQK/ZxEoWRBDOHF87r1Jy+m2ih3Joi4vzJRP+FOj5yxCwS2pS5SBR3TWoVnEK1zxtLI/3N7BjHyGF84fgw==

"@prisma/engines@5.7.1":
  version "5.7.1"
  resolved "https://registry.yarnpkg.com/@prisma/engines/-/engines-5.7.1.tgz#631c27daa326bbacd5d7119446e0d3f15c0f274c"
  integrity sha512-R+Pqbra8tpLP2cvyiUpx+SIKglav3nTCpA+rn6826CThviQ8yvbNG0s8jNpo51vS9FuZO3pOkARqG062vKX7uA==
  dependencies:
    "@prisma/debug" "5.7.1"
    "@prisma/engines-version" "5.7.1-1.0ca5ccbcfa6bdc81c003cf549abe4269f59c41e5"
    "@prisma/fetch-engine" "5.7.1"
    "@prisma/get-platform" "5.7.1"

"@prisma/fetch-engine@5.7.1":
  version "5.7.1"
  resolved "https://registry.yarnpkg.com/@prisma/fetch-engine/-/fetch-engine-5.7.1.tgz#d7baa3493867c6f7cedfc41df477cfd0963059ca"
  integrity sha512-9ELauIEBkIaEUpMIYPRlh5QELfoC6pyHolHVQgbNxglaINikZ9w9X7r1TIePAcm05pCNp2XPY1ObQIJW5nYfBQ==
  dependencies:
    "@prisma/debug" "5.7.1"
    "@prisma/engines-version" "5.7.1-1.0ca5ccbcfa6bdc81c003cf549abe4269f59c41e5"
    "@prisma/get-platform" "5.7.1"

"@prisma/get-platform@5.7.1":
  version "5.7.1"
  resolved "https://registry.yarnpkg.com/@prisma/get-platform/-/get-platform-5.7.1.tgz#bc2fe43838c7d47b321aa4728a0f60990d02bc9e"
  integrity sha512-eDlswr3a1m5z9D/55Iyt/nZqS5UpD+DZ9MooBB3hvrcPhDQrcf9m4Tl7buy4mvAtrubQ626ECtb8c6L/f7rGSQ==
  dependencies:
    "@prisma/debug" "5.7.1"

"@sapphire/async-queue@^1.5.0":
  version "1.5.1"
  resolved "https://registry.yarnpkg.com/@sapphire/async-queue/-/async-queue-1.5.1.tgz#f72f8f0dea05e83ba830387567dd6ef8a996537a"
  integrity sha512-1RdpsmDQR/aWfp8oJzPtn4dNQrbpqSL5PIA0uAB/XwerPXUf994Ug1au1e7uGcD7ei8/F63UDjr5GWps1g/HxQ==

"@sapphire/shapeshift@^3.9.3":
  version "3.9.5"
  resolved "https://registry.yarnpkg.com/@sapphire/shapeshift/-/shapeshift-3.9.5.tgz#2abe8a6626a6e73a80e249d306e58150c53d4c05"
  integrity sha512-AGdHe+51gF7D3W8hBfuSFLBocURDCXVQczScTHXDS3RpNjNgrktIx/amlz5y8nHhm8SAdFt/X8EF8ZSfjJ0tnA==
  dependencies:
    fast-deep-equal "^3.1.3"
    lodash "^4.17.21"

"@sapphire/snowflake@3.5.1":
  version "3.5.1"
  resolved "https://registry.yarnpkg.com/@sapphire/snowflake/-/snowflake-3.5.1.tgz#254521c188b49e8b2d4cc048b475fb2b38737fec"
  integrity sha512-BxcYGzgEsdlG0dKAyOm0ehLGm2CafIrfQTZGWgkfKYbj+pNNsorZ7EotuZukc2MT70E0UbppVbtpBrqpzVzjNA==

"@sapphire/snowflake@^3.5.1":
  version "3.5.2"
  resolved "https://registry.yarnpkg.com/@sapphire/snowflake/-/snowflake-3.5.2.tgz#ca3d11a0011563c90b103f8ef398f2dea3e7beb4"
  integrity sha512-FTm9RdyELF21PQN5dS/HLRs90XqWclHa+p0gkonc+BA2X2QKfFySHSjUbO65rmArd/ghR9Ahj2fMfedTZEqzOw==

"@types/node@*", "@types/node@^20.10.7":
  version "20.10.7"
  resolved "https://registry.yarnpkg.com/@types/node/-/node-20.10.7.tgz#40fe8faf25418a75de9fe68a8775546732a3a901"
  integrity sha512-fRbIKb8C/Y2lXxB5eVMj4IU7xpdox0Lh8bUPEdtLysaylsml1hOOx1+STloRs/B9nf7C6kPRmmg/V7aQW7usNg==
  dependencies:
    undici-types "~5.26.4"

"@types/ws@8.5.9":
  version "8.5.9"
  resolved "https://registry.yarnpkg.com/@types/ws/-/ws-8.5.9.tgz#384c489f99c83225a53f01ebc3eddf3b8e202a8c"
  integrity sha512-jbdrY0a8lxfdTp/+r7Z4CkycbOFN8WX+IOchLJr3juT/xzbJ8URyTVSJ/hvNdadTgM1mnedb47n+Y31GsFnQlg==
  dependencies:
    "@types/node" "*"

"@types/ws@^8.5.9":
  version "8.5.10"
  resolved "https://registry.yarnpkg.com/@types/ws/-/ws-8.5.10.tgz#4acfb517970853fa6574a3a6886791d04a396787"
  integrity sha512-vmQSUcfalpIq0R9q7uTo2lXs6eGIpt9wtnLdMv9LVpIjCA/+ufZRozlVoVelIYixx1ugCBKDhn89vnsEGOCx9A==
  dependencies:
    "@types/node" "*"

"@vladfrangu/async_event_emitter@^2.2.2":
  version "2.2.4"
  resolved "https://registry.yarnpkg.com/@vladfrangu/async_event_emitter/-/async_event_emitter-2.2.4.tgz#d3537432c6db6444680a596271dff8ea407343b3"
  integrity sha512-ButUPz9E9cXMLgvAW8aLAKKJJsPu1dY1/l/E8xzLFuysowXygs6GBcyunK9rnGC4zTsnIc2mQo71rGw9U+Ykug==

discord-api-types@0.37.61:
  version "0.37.61"
  resolved "https://registry.yarnpkg.com/discord-api-types/-/discord-api-types-0.37.61.tgz#9dd8e58c624237e6f1b23be2d29579af268b8c5b"
  integrity sha512-o/dXNFfhBpYHpQFdT6FWzeO7pKc838QeeZ9d91CfVAtpr5XLK4B/zYxQbYgPdoMiTDvJfzcsLW5naXgmHGDNXw==

discord.js@^14.14.1:
  version "14.14.1"
  resolved "https://registry.yarnpkg.com/discord.js/-/discord.js-14.14.1.tgz#9a2bea23bba13819705ab87612837610abce9ee3"
  integrity sha512-/hUVzkIerxKHyRKopJy5xejp4MYKDPTszAnpYxzVVv4qJYf+Tkt+jnT2N29PIPschicaEEpXwF2ARrTYHYwQ5w==
  dependencies:
    "@discordjs/builders" "^1.7.0"
    "@discordjs/collection" "1.5.3"
    "@discordjs/formatters" "^0.3.3"
    "@discordjs/rest" "^2.1.0"
    "@discordjs/util" "^1.0.2"
    "@discordjs/ws" "^1.0.2"
    "@sapphire/snowflake" "3.5.1"
    "@types/ws" "8.5.9"
    discord-api-types "0.37.61"
    fast-deep-equal "3.1.3"
    lodash.snakecase "4.1.1"
    tslib "2.6.2"
    undici "5.27.2"
    ws "8.14.2"

dotenv@^16.3.1:
  version "16.3.1"
  resolved "https://registry.yarnpkg.com/dotenv/-/dotenv-16.3.1.tgz#369034de7d7e5b120972693352a3bf112172cc3e"
  integrity sha512-IPzF4w4/Rd94bA9imS68tZBaYyBWSCE47V1RGuMrB94iyTOIEwRmVL2x/4An+6mETpLrKJ5hQkB8W4kFAadeIQ==

esbuild@~0.19.10:
  version "0.19.11"
  resolved "https://registry.yarnpkg.com/esbuild/-/esbuild-0.19.11.tgz#4a02dca031e768b5556606e1b468fe72e3325d96"
  integrity sha512-HJ96Hev2hX/6i5cDVwcqiJBBtuo9+FeIJOtZ9W1kA5M6AMJRHUZlpYZ1/SbEwtO0ioNAW8rUooVpC/WehY2SfA==
  optionalDependencies:
    "@esbuild/aix-ppc64" "0.19.11"
    "@esbuild/android-arm" "0.19.11"
    "@esbuild/android-arm64" "0.19.11"
    "@esbuild/android-x64" "0.19.11"
    "@esbuild/darwin-arm64" "0.19.11"
    "@esbuild/darwin-x64" "0.19.11"
    "@esbuild/freebsd-arm64" "0.19.11"
    "@esbuild/freebsd-x64" "0.19.11"
    "@esbuild/linux-arm" "0.19.11"
    "@esbuild/linux-arm64" "0.19.11"
    "@esbuild/linux-ia32" "0.19.11"
    "@esbuild/linux-loong64" "0.19.11"
    "@esbuild/linux-mips64el" "0.19.11"
    "@esbuild/linux-ppc64" "0.19.11"
    "@esbuild/linux-riscv64" "0.19.11"
    "@esbuild/linux-s390x" "0.19.11"
    "@esbuild/linux-x64" "0.19.11"
    "@esbuild/netbsd-x64" "0.19.11"
    "@esbuild/openbsd-x64" "0.19.11"
    "@esbuild/sunos-x64" "0.19.11"
    "@esbuild/win32-arm64" "0.19.11"
    "@esbuild/win32-ia32" "0.19.11"
    "@esbuild/win32-x64" "0.19.11"

fast-deep-equal@3.1.3, fast-deep-equal@^3.1.3:
  version "3.1.3"
  resolved "https://registry.yarnpkg.com/fast-deep-equal/-/fast-deep-equal-3.1.3.tgz#3a7d56b559d6cbc3eb512325244e619a65c6c525"
  integrity sha512-f3qQ9oQy9j2AhBe/H9VC91wLmKBCCU/gDOnKNAYG5hswO7BLKj09Hc5HYNz9cGI++xlpDCIgDaitVs03ATR84Q==

fsevents@~2.3.3:
  version "2.3.3"
  resolved "https://registry.yarnpkg.com/fsevents/-/fsevents-2.3.3.tgz#cac6407785d03675a2a5e1a5305c697b347d90d6"
  integrity sha512-5xoDfX+fL7faATnagmWPpbFtwh/R77WmMMqqHGS65C3vvB0YHrgF+B1YmZ3441tMj5n63k0212XNoJwzlhffQw==

get-tsconfig@^4.7.2:
  version "4.7.2"
  resolved "https://registry.yarnpkg.com/get-tsconfig/-/get-tsconfig-4.7.2.tgz#0dcd6fb330391d46332f4c6c1bf89a6514c2ddce"
  integrity sha512-wuMsz4leaj5hbGgg4IvDU0bqJagpftG5l5cXIAvo8uZrqn0NJqwtfupTN00VnkQJPcIRrxYrm1Ue24btpCha2A==
  dependencies:
    resolve-pkg-maps "^1.0.0"

lodash.snakecase@4.1.1:
  version "4.1.1"
  resolved "https://registry.yarnpkg.com/lodash.snakecase/-/lodash.snakecase-4.1.1.tgz#39d714a35357147837aefd64b5dcbb16becd8f8d"
  integrity sha512-QZ1d4xoBHYUeuouhEq3lk3Uq7ldgyFXGBhg04+oRLnIz8o9T65Eh+8YdroUwn846zchkA9yDsDl5CVVaV2nqYw==

lodash@^4.17.21:
  version "4.17.21"
  resolved "https://registry.yarnpkg.com/lodash/-/lodash-4.17.21.tgz#679591c564c3bffaae8454cf0b3df370c3d6911c"
  integrity sha512-v2kDEe57lecTulaDIuNTPy3Ry4gLGJ6Z1O3vE1krgXZNrsQ+LFTGHVxVjcXPs17LhbZVGedAJv8XZ1tvj5FvSg==

magic-bytes.js@^1.5.0:
  version "1.7.0"
  resolved "https://registry.yarnpkg.com/magic-bytes.js/-/magic-bytes.js-1.7.0.tgz#29ca1a137b508fa656ca35fe79683bf10246e0d5"
  integrity sha512-YzVU2+/hrjwx8xcgAw+ffNq3jkactpj+f1iSL4LonrFKhvnwDzHSqtFdk/MMRP53y9ScouJ7cKEnqYsJwsHoYA==

prisma@^5.7.1:
  version "5.7.1"
  resolved "https://registry.yarnpkg.com/prisma/-/prisma-5.7.1.tgz#af60ed90531adc0ab8a683c9b1fc86d841c39864"
  integrity sha512-ekho7ziH0WEJvC4AxuJz+ewRTMskrebPcrKuBwcNzVDniYxx+dXOGcorNeIb9VEMO5vrKzwNYvhD271Ui2jnNw==
  dependencies:
    "@prisma/engines" "5.7.1"

resolve-pkg-maps@^1.0.0:
  version "1.0.0"
  resolved "https://registry.yarnpkg.com/resolve-pkg-maps/-/resolve-pkg-maps-1.0.0.tgz#616b3dc2c57056b5588c31cdf4b3d64db133720f"
  integrity sha512-seS2Tj26TBVOC2NIc2rOe2y2ZO7efxITtLZcGSOnHHNOQ7CkiUBfw0Iw2ck6xkIhPwLhKNLS8BO+hEpngQlqzw==

ts-mixer@^6.0.3:
  version "6.0.3"
  resolved "https://registry.yarnpkg.com/ts-mixer/-/ts-mixer-6.0.3.tgz#69bd50f406ff39daa369885b16c77a6194c7cae6"
  integrity sha512-k43M7uCG1AkTyxgnmI5MPwKoUvS/bRvLvUb7+Pgpdlmok8AoqmUaZxUUw8zKM5B1lqZrt41GjYgnvAi0fppqgQ==

tslib@2.6.2, tslib@^2.6.2:
  version "2.6.2"
  resolved "https://registry.yarnpkg.com/tslib/-/tslib-2.6.2.tgz#703ac29425e7b37cd6fd456e92404d46d1f3e4ae"
  integrity sha512-AEYxH93jGFPn/a2iVAwW87VuUIkR1FVUKB77NwMF7nBTDkDrrT/Hpt/IrCJ0QXhW27jTBDcf5ZY7w6RiqTMw2Q==

tsx@^4.7.0:
  version "4.7.0"
  resolved "https://registry.yarnpkg.com/tsx/-/tsx-4.7.0.tgz#1689cfe7dda495ca1f9a66d4cad79cb57b9f6f4a"
  integrity sha512-I+t79RYPlEYlHn9a+KzwrvEwhJg35h/1zHsLC2JXvhC2mdynMv6Zxzvhv5EMV6VF5qJlLlkSnMVvdZV3PSIGcg==
  dependencies:
    esbuild "~0.19.10"
    get-tsconfig "^4.7.2"
  optionalDependencies:
    fsevents "~2.3.3"

typescript@^5.3.3:
  version "5.3.3"
  resolved "https://registry.yarnpkg.com/typescript/-/typescript-5.3.3.tgz#b3ce6ba258e72e6305ba66f5c9b452aaee3ffe37"
  integrity sha512-pXWcraxM0uxAS+tN0AG/BF2TyqmHO014Z070UsJ+pFvYuRSq8KH8DmWpnbXe0pEPDHXZV3FcAbJkijJ5oNEnWw==

undici-types@~5.26.4:
  version "5.26.5"
  resolved "https://registry.yarnpkg.com/undici-types/-/undici-types-5.26.5.tgz#bcd539893d00b56e964fd2657a4866b221a65617"
  integrity sha512-JlCMO+ehdEIKqlFxk6IfVoAUVmgz7cU7zD/h9XZ0qzeosSHmUJVOzSQvvYSYWXkFXC+IfLKSIffhv0sVZup6pA==

undici@5.27.2:
  version "5.27.2"
  resolved "https://registry.yarnpkg.com/undici/-/undici-5.27.2.tgz#a270c563aea5b46cc0df2550523638c95c5d4411"
  integrity sha512-iS857PdOEy/y3wlM3yRp+6SNQQ6xU0mmZcwRSriqk+et/cwWAtwmIGf6WkoDN2EK/AMdCO/dfXzIwi+rFMrjjQ==
  dependencies:
    "@fastify/busboy" "^2.0.0"

ws@8.14.2:
  version "8.14.2"
  resolved "https://registry.yarnpkg.com/ws/-/ws-8.14.2.tgz#6c249a806eb2db7a20d26d51e7709eab7b2e6c7f"
  integrity sha512-wEBG1ftX4jcglPxgFCMJmZ2PLtSbJ2Peg6TmpJFTbe9GZYOQCDPdMYu/Tm0/bGZkw8paZnJY45J4K2PZrLYq8g==

ws@^8.14.2:
  version "8.16.0"
  resolved "https://registry.yarnpkg.com/ws/-/ws-8.16.0.tgz#d1cd774f36fbc07165066a60e40323eab6446fd4"
  integrity sha512-HS0c//TP7Ina87TfiPUz1rQzMhHrl/SG2guqRcTOIUYD2q8uhUdNHZYJUaQ8aTGPzCh+c6oawMKW35nFl1dxyQ==
